// !$*UTF8*$!
{
	archiveVersion = 1;
	classes = {
	};
	objectVersion = 50;
	objects = {

/* Begin PBXBuildFile section */
		D243AE93214B3FCE00658605 /* goldHead_TS.scn in Resources */ = {isa = PBXBuildFile; fileRef = D243AE92214B3BA500658605 /* goldHead_TS.scn */; };
		D2836EA4214AD2A700281B77 /* AppDelegate.swift in Sources */ = {isa = PBXBuildFile; fileRef = D2836EA3214AD2A700281B77 /* AppDelegate.swift */; };
		D2836EA6214AD2A700281B77 /* art.scnassets in Resources */ = {isa = PBXBuildFile; fileRef = D2836EA5214AD2A700281B77 /* art.scnassets */; };
		D2836EA8214AD2A700281B77 /* ViewController.swift in Sources */ = {isa = PBXBuildFile; fileRef = D2836EA7214AD2A700281B77 /* ViewController.swift */; };
		D2836EAB214AD2A700281B77 /* Main.storyboard in Resources */ = {isa = PBXBuildFile; fileRef = D2836EA9214AD2A700281B77 /* Main.storyboard */; };
		D2836EAD214AD2A900281B77 /* Assets.xcassets in Resources */ = {isa = PBXBuildFile; fileRef = D2836EAC214AD2A900281B77 /* Assets.xcassets */; };
		D2836EB0214AD2A900281B77 /* LaunchScreen.storyboard in Resources */ = {isa = PBXBuildFile; fileRef = D2836EAE214AD2A900281B77 /* LaunchScreen.storyboard */; };
		D2836EBA214AD4C100281B77 /* sickomode.mp3 in Resources */ = {isa = PBXBuildFile; fileRef = D2836EB9214AD4C100281B77 /* sickomode.mp3 */; };
		D2836EBD214AD6C500281B77 /* SCNNode.swift in Sources */ = {isa = PBXBuildFile; fileRef = D2836EBC214AD6C500281B77 /* SCNNode.swift */; };
		D2836EBF214AD71000281B77 /* ColladaNode.swift in Sources */ = {isa = PBXBuildFile; fileRef = D2836EBE214AD71000281B77 /* ColladaNode.swift */; };
		D2836ED1214B087800281B77 /* env.jpg in Resources */ = {isa = PBXBuildFile; fileRef = D2836ECC214B087800281B77 /* env.jpg */; };
		D2836ED2214B087800281B77 /* roughness.png in Resources */ = {isa = PBXBuildFile; fileRef = D2836ECD214B087800281B77 /* roughness.png */; };
		D2836ED3214B087800281B77 /* albedo.png in Resources */ = {isa = PBXBuildFile; fileRef = D2836ECE214B087800281B77 /* albedo.png */; };
		D2836ED4214B087800281B77 /* metal.png in Resources */ = {isa = PBXBuildFile; fileRef = D2836ECF214B087800281B77 /* metal.png */; };
		D2836ED5214B087800281B77 /* normal.png in Resources */ = {isa = PBXBuildFile; fileRef = D2836ED0214B087800281B77 /* normal.png */; };
		D28D7464214C378800F2E2B8 /* astroworld-logo.jpg in Resources */ = {isa = PBXBuildFile; fileRef = D28D7463214C378800F2E2B8 /* astroworld-logo.jpg */; };
		D28D7466214C380100F2E2B8 /* Spotify_Logo_RGB_Green.png in Resources */ = {isa = PBXBuildFile; fileRef = D28D7465214C380100F2E2B8 /* Spotify_Logo_RGB_Green.png */; };
		D28D746A214C398900F2E2B8 /* travis-projection.jpg in Resources */ = {isa = PBXBuildFile; fileRef = D28D7467214C398900F2E2B8 /* travis-projection.jpg */; };
		D28D746B214C398900F2E2B8 /* travis-trippy.jpg in Resources */ = {isa = PBXBuildFile; fileRef = D28D7468214C398900F2E2B8 /* travis-trippy.jpg */; };
		D28D746C214C398900F2E2B8 /* travis-park.jpg in Resources */ = {isa = PBXBuildFile; fileRef = D28D7469214C398900F2E2B8 /* travis-park.jpg */; };
		D28D746E214C3A8C00F2E2B8 /* Spotify_Logo_RGB_White.png in Resources */ = {isa = PBXBuildFile; fileRef = D28D746D214C3A8C00F2E2B8 /* Spotify_Logo_RGB_White.png */; };
		D28D7470214C5E3100F2E2B8 /* SCNAnchorNode.swift in Sources */ = {isa = PBXBuildFile; fileRef = D28D746F214C5E3100F2E2B8 /* SCNAnchorNode.swift */; };
		D28D7475214C751700F2E2B8 /* smoke.png in Resources */ = {isa = PBXBuildFile; fileRef = D28D7473214C751700F2E2B8 /* smoke.png */; };
		D28D7476214C751700F2E2B8 /* SmokeParticleSystem.scnp in Resources */ = {isa = PBXBuildFile; fileRef = D28D7474214C751700F2E2B8 /* SmokeParticleSystem.scnp */; };
/* End PBXBuildFile section */

/* Begin PBXFileReference section */
		D243AE92214B3BA500658605 /* goldHead_TS.scn */ = {isa = PBXFileReference; lastKnownFileType = file.bplist; name = goldHead_TS.scn; path = Resources/models/goldHead_TS.scn; sourceTree = SOURCE_ROOT; };
		D2836EA0214AD2A700281B77 /* AR Sound Sculptures.app */ = {isa = PBXFileReference; explicitFileType = wrapper.application; includeInIndex = 0; path = "AR Sound Sculptures.app"; sourceTree = BUILT_PRODUCTS_DIR; };
		D2836EA3214AD2A700281B77 /* AppDelegate.swift */ = {isa = PBXFileReference; lastKnownFileType = sourcecode.swift; path = AppDelegate.swift; sourceTree = "<group>"; };
		D2836EA5214AD2A700281B77 /* art.scnassets */ = {isa = PBXFileReference; lastKnownFileType = wrapper.scnassets; path = art.scnassets; sourceTree = "<group>"; };
		D2836EA7214AD2A700281B77 /* ViewController.swift */ = {isa = PBXFileReference; lastKnownFileType = sourcecode.swift; path = ViewController.swift; sourceTree = "<group>"; };
		D2836EAA214AD2A700281B77 /* Base */ = {isa = PBXFileReference; lastKnownFileType = file.storyboard; name = Base; path = Base.lproj/Main.storyboard; sourceTree = "<group>"; };
		D2836EAC214AD2A900281B77 /* Assets.xcassets */ = {isa = PBXFileReference; lastKnownFileType = folder.assetcatalog; path = Assets.xcassets; sourceTree = "<group>"; };
		D2836EAF214AD2A900281B77 /* Base */ = {isa = PBXFileReference; lastKnownFileType = file.storyboard; name = Base; path = Base.lproj/LaunchScreen.storyboard; sourceTree = "<group>"; };
		D2836EB1214AD2A900281B77 /* Info.plist */ = {isa = PBXFileReference; lastKnownFileType = text.plist.xml; path = Info.plist; sourceTree = "<group>"; };
		D2836EB9214AD4C100281B77 /* sickomode.mp3 */ = {isa = PBXFileReference; lastKnownFileType = audio.mp3; name = sickomode.mp3; path = Resources/sickomode.mp3; sourceTree = SOURCE_ROOT; };
		D2836EBC214AD6C500281B77 /* SCNNode.swift */ = {isa = PBXFileReference; lastKnownFileType = sourcecode.swift; path = SCNNode.swift; sourceTree = "<group>"; };
		D2836EBE214AD71000281B77 /* ColladaNode.swift */ = {isa = PBXFileReference; lastKnownFileType = sourcecode.swift; path = ColladaNode.swift; sourceTree = "<group>"; };
		D2836ECC214B087800281B77 /* env.jpg */ = {isa = PBXFileReference; lastKnownFileType = image.jpeg; name = env.jpg; path = Resources/assets/env.jpg; sourceTree = SOURCE_ROOT; };
		D2836ECD214B087800281B77 /* roughness.png */ = {isa = PBXFileReference; lastKnownFileType = image.png; name = roughness.png; path = Resources/assets/roughness.png; sourceTree = SOURCE_ROOT; };
		D2836ECE214B087800281B77 /* albedo.png */ = {isa = PBXFileReference; lastKnownFileType = image.png; name = albedo.png; path = Resources/assets/albedo.png; sourceTree = SOURCE_ROOT; };
		D2836ECF214B087800281B77 /* metal.png */ = {isa = PBXFileReference; lastKnownFileType = image.png; name = metal.png; path = Resources/assets/metal.png; sourceTree = SOURCE_ROOT; };
		D2836ED0214B087800281B77 /* normal.png */ = {isa = PBXFileReference; lastKnownFileType = image.png; name = normal.png; path = Resources/assets/normal.png; sourceTree = SOURCE_ROOT; };
		D28D7463214C378800F2E2B8 /* astroworld-logo.jpg */ = {isa = PBXFileReference; lastKnownFileType = image.jpeg; name = "astroworld-logo.jpg"; path = "Resources/assets/astroworld-logo.jpg"; sourceTree = SOURCE_ROOT; };
		D28D7465214C380100F2E2B8 /* Spotify_Logo_RGB_Green.png */ = {isa = PBXFileReference; lastKnownFileType = image.png; name = Spotify_Logo_RGB_Green.png; path = Resources/assets/Spotify_Logo_RGB_Green.png; sourceTree = SOURCE_ROOT; };
		D28D7467214C398900F2E2B8 /* travis-projection.jpg */ = {isa = PBXFileReference; lastKnownFileType = image.jpeg; name = "travis-projection.jpg"; path = "Resources/assets/travis-projection.jpg"; sourceTree = SOURCE_ROOT; };
		D28D7468214C398900F2E2B8 /* travis-trippy.jpg */ = {isa = PBXFileReference; lastKnownFileType = image.jpeg; name = "travis-trippy.jpg"; path = "Resources/assets/travis-trippy.jpg"; sourceTree = SOURCE_ROOT; };
		D28D7469214C398900F2E2B8 /* travis-park.jpg */ = {isa = PBXFileReference; lastKnownFileType = image.jpeg; name = "travis-park.jpg"; path = "Resources/assets/travis-park.jpg"; sourceTree = SOURCE_ROOT; };
		D28D746D214C3A8C00F2E2B8 /* Spotify_Logo_RGB_White.png */ = {isa = PBXFileReference; lastKnownFileType = image.png; name = Spotify_Logo_RGB_White.png; path = Resources/assets/Spotify_Logo_RGB_White.png; sourceTree = SOURCE_ROOT; };
		D28D746F214C5E3100F2E2B8 /* SCNAnchorNode.swift */ = {isa = PBXFileReference; lastKnownFileType = sourcecode.swift; path = SCNAnchorNode.swift; sourceTree = "<group>"; };
		D28D7473214C751700F2E2B8 /* smoke.png */ = {isa = PBXFileReference; lastKnownFileType = image.png; path = smoke.png; sourceTree = "<group>"; };
		D28D7474214C751700F2E2B8 /* SmokeParticleSystem.scnp */ = {isa = PBXFileReference; lastKnownFileType = file.scp; path = SmokeParticleSystem.scnp; sourceTree = "<group>"; };
/* End PBXFileReference section */

/* Begin PBXFrameworksBuildPhase section */
		D2836E9D214AD2A700281B77 /* Frameworks */ = {
			isa = PBXFrameworksBuildPhase;
			buildActionMask = 2147483647;
			files = (
			);
			runOnlyForDeploymentPostprocessing = 0;
		};
/* End PBXFrameworksBuildPhase section */

/* Begin PBXGroup section */
		D2836E97214AD2A700281B77 = {
			isa = PBXGroup;
			children = (
				D2836EA2214AD2A700281B77 /* AR Sound Sculptures */,
				D2836EA1214AD2A700281B77 /* Products */,
			);
			sourceTree = "<group>";
		};
		D2836EA1214AD2A700281B77 /* Products */ = {
			isa = PBXGroup;
			children = (
				D2836EA0214AD2A700281B77 /* AR Sound Sculptures.app */,
			);
			name = Products;
			sourceTree = "<group>";
		};
		D2836EA2214AD2A700281B77 /* AR Sound Sculptures */ = {
			isa = PBXGroup;
			children = (
				D2836EBB214AD6AA00281B77 /* extensions */,
				D2836EB8214AD4AF00281B77 /* models */,
				D2836EB7214AD4A600281B77 /* assets */,
				D2836EA3214AD2A700281B77 /* AppDelegate.swift */,
				D2836EA5214AD2A700281B77 /* art.scnassets */,
				D2836EA7214AD2A700281B77 /* ViewController.swift */,
				D2836EA9214AD2A700281B77 /* Main.storyboard */,
				D2836EAC214AD2A900281B77 /* Assets.xcassets */,
				D2836EAE214AD2A900281B77 /* LaunchScreen.storyboard */,
				D2836EB1214AD2A900281B77 /* Info.plist */,
				D2836EBE214AD71000281B77 /* ColladaNode.swift */,
				D28D746F214C5E3100F2E2B8 /* SCNAnchorNode.swift */,
				D28D7473214C751700F2E2B8 /* smoke.png */,
				D28D7474214C751700F2E2B8 /* SmokeParticleSystem.scnp */,
			);
			path = "AR Sound Sculptures";
			sourceTree = "<group>";
		};
		D2836EB7214AD4A600281B77 /* assets */ = {
			isa = PBXGroup;
			children = (
				D2836ECE214B087800281B77 /* albedo.png */,
				D2836ECC214B087800281B77 /* env.jpg */,
				D2836ECF214B087800281B77 /* metal.png */,
				D2836ED0214B087800281B77 /* normal.png */,
				D2836ECD214B087800281B77 /* roughness.png */,
				D2836EB9214AD4C100281B77 /* sickomode.mp3 */,
				D28D7463214C378800F2E2B8 /* astroworld-logo.jpg */,
				D28D7465214C380100F2E2B8 /* Spotify_Logo_RGB_Green.png */,
				D28D7469214C398900F2E2B8 /* travis-park.jpg */,
				D28D7467214C398900F2E2B8 /* travis-projection.jpg */,
				D28D7468214C398900F2E2B8 /* travis-trippy.jpg */,
				D28D746D214C3A8C00F2E2B8 /* Spotify_Logo_RGB_White.png */,
			);
			path = assets;
			sourceTree = "<group>";
		};
		D2836EB8214AD4AF00281B77 /* models */ = {
			isa = PBXGroup;
			children = (
				D243AE92214B3BA500658605 /* goldHead_TS.scn */,
			);
			path = models;
			sourceTree = "<group>";
		};
		D2836EBB214AD6AA00281B77 /* extensions */ = {
			isa = PBXGroup;
			children = (
				D2836EBC214AD6C500281B77 /* SCNNode.swift */,
			);
			path = extensions;
			sourceTree = "<group>";
		};
/* End PBXGroup section */

/* Begin PBXNativeTarget section */
		D2836E9F214AD2A700281B77 /* AR Sound Sculptures */ = {
			isa = PBXNativeTarget;
			buildConfigurationList = D2836EB4214AD2A900281B77 /* Build configuration list for PBXNativeTarget "AR Sound Sculptures" */;
			buildPhases = (
				D2836E9C214AD2A700281B77 /* Sources */,
				D2836E9D214AD2A700281B77 /* Frameworks */,
				D2836E9E214AD2A700281B77 /* Resources */,
			);
			buildRules = (
			);
			dependencies = (
			);
			name = "AR Sound Sculptures";
			productName = "AR Sound Sculptures";
			productReference = D2836EA0214AD2A700281B77 /* AR Sound Sculptures.app */;
			productType = "com.apple.product-type.application";
		};
/* End PBXNativeTarget section */

/* Begin PBXProject section */
		D2836E98214AD2A700281B77 /* Project object */ = {
			isa = PBXProject;
			attributes = {
				LastSwiftUpdateCheck = 0940;
				LastUpgradeCheck = 0940;
				ORGANIZATIONNAME = "Matthew Chiang";
				TargetAttributes = {
					D2836E9F214AD2A700281B77 = {
						CreatedOnToolsVersion = 9.4.1;
					};
				};
			};
			buildConfigurationList = D2836E9B214AD2A700281B77 /* Build configuration list for PBXProject "AR Sound Sculptures" */;
			compatibilityVersion = "Xcode 9.3";
			developmentRegion = en;
			hasScannedForEncodings = 0;
			knownRegions = (
				en,
				Base,
			);
			mainGroup = D2836E97214AD2A700281B77;
			productRefGroup = D2836EA1214AD2A700281B77 /* Products */;
			projectDirPath = "";
			projectRoot = "";
			targets = (
				D2836E9F214AD2A700281B77 /* AR Sound Sculptures */,
			);
		};
/* End PBXProject section */

/* Begin PBXResourcesBuildPhase section */
		D2836E9E214AD2A700281B77 /* Resources */ = {
			isa = PBXResourcesBuildPhase;
			buildActionMask = 2147483647;
			files = (
				D28D746B214C398900F2E2B8 /* travis-trippy.jpg in Resources */,
				D28D746E214C3A8C00F2E2B8 /* Spotify_Logo_RGB_White.png in Resources */,
				D243AE93214B3FCE00658605 /* goldHead_TS.scn in Resources */,
				D28D746C214C398900F2E2B8 /* travis-park.jpg in Resources */,
				D28D746A214C398900F2E2B8 /* travis-projection.jpg in Resources */,
				D28D7464214C378800F2E2B8 /* astroworld-logo.jpg in Resources */,
				D28D7475214C751700F2E2B8 /* smoke.png in Resources */,
				D2836ED2214B087800281B77 /* roughness.png in Resources */,
				D2836ED5214B087800281B77 /* normal.png in Resources */,
				D2836EA6214AD2A700281B77 /* art.scnassets in Resources */,
				D2836EB0214AD2A900281B77 /* LaunchScreen.storyboard in Resources */,
				D2836ED4214B087800281B77 /* metal.png in Resources */,
				D2836EAD214AD2A900281B77 /* Assets.xcassets in Resources */,
				D2836ED1214B087800281B77 /* env.jpg in Resources */,
				D2836EAB214AD2A700281B77 /* Main.storyboard in Resources */,
				D2836EBA214AD4C100281B77 /* sickomode.mp3 in Resources */,
				D28D7466214C380100F2E2B8 /* Spotify_Logo_RGB_Green.png in Resources */,
				D28D7476214C751700F2E2B8 /* SmokeParticleSystem.scnp in Resources */,
				D2836ED3214B087800281B77 /* albedo.png in Resources */,
			);
			runOnlyForDeploymentPostprocessing = 0;
		};
/* End PBXResourcesBuildPhase section */

/* Begin PBXSourcesBuildPhase section */
		D2836E9C214AD2A700281B77 /* Sources */ = {
			isa = PBXSourcesBuildPhase;
			buildActionMask = 2147483647;
			files = (
				D28D7470214C5E3100F2E2B8 /* SCNAnchorNode.swift in Sources */,
				D2836EA8214AD2A700281B77 /* ViewController.swift in Sources */,
				D2836EBD214AD6C500281B77 /* SCNNode.swift in Sources */,
				D2836EBF214AD71000281B77 /* ColladaNode.swift in Sources */,
				D2836EA4214AD2A700281B77 /* AppDelegate.swift in Sources */,
			);
			runOnlyForDeploymentPostprocessing = 0;
		};
/* End PBXSourcesBuildPhase section */

/* Begin PBXVariantGroup section */
		D2836EA9214AD2A700281B77 /* Main.storyboard */ = {
			isa = PBXVariantGroup;
			children = (
				D2836EAA214AD2A700281B77 /* Base */,
			);
			name = Main.storyboard;
			sourceTree = "<group>";
		};
		D2836EAE214AD2A900281B77 /* LaunchScreen.storyboard */ = {
			isa = PBXVariantGroup;
			children = (
				D2836EAF214AD2A900281B77 /* Base */,
			);
			name = LaunchScreen.storyboard;
			sourceTree = "<group>";
		};
/* End PBXVariantGroup section */

/* Begin XCBuildConfiguration section */
		D2836EB2214AD2A900281B77 /* Debug */ = {
			isa = XCBuildConfiguration;
			buildSettings = {
				ALWAYS_SEARCH_USER_PATHS = NO;
				CLANG_ANALYZER_NONNULL = YES;
				CLANG_ANALYZER_NUMBER_OBJECT_CONVERSION = YES_AGGRESSIVE;
				CLANG_CXX_LANGUAGE_STANDARD = "gnu++14";
				CLANG_CXX_LIBRARY = "libc++";
				CLANG_ENABLE_MODULES = YES;
				CLANG_ENABLE_OBJC_ARC = YES;
				CLANG_ENABLE_OBJC_WEAK = YES;
				CLANG_WARN_BLOCK_CAPTURE_AUTORELEASING = YES;
				CLANG_WARN_BOOL_CONVERSION = YES;
				CLANG_WARN_COMMA = YES;
				CLANG_WARN_CONSTANT_CONVERSION = YES;
				CLANG_WARN_DEPRECATED_OBJC_IMPLEMENTATIONS = YES;
				CLANG_WARN_DIRECT_OBJC_ISA_USAGE = YES_ERROR;
				CLANG_WARN_DOCUMENTATION_COMMENTS = YES;
				CLANG_WARN_EMPTY_BODY = YES;
				CLANG_WARN_ENUM_CONVERSION = YES;
				CLANG_WARN_INFINITE_RECURSION = YES;
				CLANG_WARN_INT_CONVERSION = YES;
				CLANG_WARN_NON_LITERAL_NULL_CONVERSION = YES;
				CLANG_WARN_OBJC_IMPLICIT_RETAIN_SELF = YES;
				CLANG_WARN_OBJC_LITERAL_CONVERSION = YES;
				CLANG_WARN_OBJC_ROOT_CLASS = YES_ERROR;
				CLANG_WARN_RANGE_LOOP_ANALYSIS = YES;
				CLANG_WARN_STRICT_PROTOTYPES = YES;
				CLANG_WARN_SUSPICIOUS_MOVE = YES;
				CLANG_WARN_UNGUARDED_AVAILABILITY = YES_AGGRESSIVE;
				CLANG_WARN_UNREACHABLE_CODE = YES;
				CLANG_WARN__DUPLICATE_METHOD_MATCH = YES;
				CODE_SIGN_IDENTITY = "iPhone Developer";
				COPY_PHASE_STRIP = NO;
				DEBUG_INFORMATION_FORMAT = dwarf;
				ENABLE_STRICT_OBJC_MSGSEND = YES;
				ENABLE_TESTABILITY = YES;
				GCC_C_LANGUAGE_STANDARD = gnu11;
				GCC_DYNAMIC_NO_PIC = NO;
				GCC_NO_COMMON_BLOCKS = YES;
				GCC_OPTIMIZATION_LEVEL = 0;
				GCC_PREPROCESSOR_DEFINITIONS = (
					"DEBUG=1",
					"$(inherited)",
				);
				GCC_WARN_64_TO_32_BIT_CONVERSION = YES;
				GCC_WARN_ABOUT_RETURN_TYPE = YES_ERROR;
				GCC_WARN_UNDECLARED_SELECTOR = YES;
				GCC_WARN_UNINITIALIZED_AUTOS = YES_AGGRESSIVE;
				GCC_WARN_UNUSED_FUNCTION = YES;
				GCC_WARN_UNUSED_VARIABLE = YES;
				IPHONEOS_DEPLOYMENT_TARGET = 11.4;
				MTL_ENABLE_DEBUG_INFO = YES;
				ONLY_ACTIVE_ARCH = YES;
				SDKROOT = iphoneos;
				SWIFT_ACTIVE_COMPILATION_CONDITIONS = DEBUG;
				SWIFT_OPTIMIZATION_LEVEL = "-Onone";
			};
			name = Debug;
		};
		D2836EB3214AD2A900281B77 /* Release */ = {
			isa = XCBuildConfiguration;
			buildSettings = {
				ALWAYS_SEARCH_USER_PATHS = NO;
				CLANG_ANALYZER_NONNULL = YES;
				CLANG_ANALYZER_NUMBER_OBJECT_CONVERSION = YES_AGGRESSIVE;
				CLANG_CXX_LANGUAGE_STANDARD = "gnu++14";
				CLANG_CXX_LIBRARY = "libc++";
				CLANG_ENABLE_MODULES = YES;
				CLANG_ENABLE_OBJC_ARC = YES;
				CLANG_ENABLE_OBJC_WEAK = YES;
				CLANG_WARN_BLOCK_CAPTURE_AUTORELEASING = YES;
				CLANG_WARN_BOOL_CONVERSION = YES;
				CLANG_WARN_COMMA = YES;
				CLANG_WARN_CONSTANT_CONVERSION = YES;
				CLANG_WARN_DEPRECATED_OBJC_IMPLEMENTATIONS = YES;
				CLANG_WARN_DIRECT_OBJC_ISA_USAGE = YES_ERROR;
				CLANG_WARN_DOCUMENTATION_COMMENTS = YES;
				CLANG_WARN_EMPTY_BODY = YES;
				CLANG_WARN_ENUM_CONVERSION = YES;
				CLANG_WARN_INFINITE_RECURSION = YES;
				CLANG_WARN_INT_CONVERSION = YES;
				CLANG_WARN_NON_LITERAL_NULL_CONVERSION = YES;
				CLANG_WARN_OBJC_IMPLICIT_RETAIN_SELF = YES;
				CLANG_WARN_OBJC_LITERAL_CONVERSION = YES;
				CLANG_WARN_OBJC_ROOT_CLASS = YES_ERROR;
				CLANG_WARN_RANGE_LOOP_ANALYSIS = YES;
				CLANG_WARN_STRICT_PROTOTYPES = YES;
				CLANG_WARN_SUSPICIOUS_MOVE = YES;
				CLANG_WARN_UNGUARDED_AVAILABILITY = YES_AGGRESSIVE;
				CLANG_WARN_UNREACHABLE_CODE = YES;
				CLANG_WARN__DUPLICATE_METHOD_MATCH = YES;
				CODE_SIGN_IDENTITY = "iPhone Developer";
				COPY_PHASE_STRIP = NO;
				DEBUG_INFORMATION_FORMAT = "dwarf-with-dsym";
				ENABLE_NS_ASSERTIONS = NO;
				ENABLE_STRICT_OBJC_MSGSEND = YES;
				GCC_C_LANGUAGE_STANDARD = gnu11;
				GCC_NO_COMMON_BLOCKS = YES;
				GCC_WARN_64_TO_32_BIT_CONVERSION = YES;
				GCC_WARN_ABOUT_RETURN_TYPE = YES_ERROR;
				GCC_WARN_UNDECLARED_SELECTOR = YES;
				GCC_WARN_UNINITIALIZED_AUTOS = YES_AGGRESSIVE;
				GCC_WARN_UNUSED_FUNCTION = YES;
				GCC_WARN_UNUSED_VARIABLE = YES;
				IPHONEOS_DEPLOYMENT_TARGET = 11.4;
				MTL_ENABLE_DEBUG_INFO = NO;
				SDKROOT = iphoneos;
				SWIFT_COMPILATION_MODE = wholemodule;
				SWIFT_OPTIMIZATION_LEVEL = "-O";
				VALIDATE_PRODUCT = YES;
			};
			name = Release;
		};
		D2836EB5214AD2A900281B77 /* Debug */ = {
			isa = XCBuildConfiguration;
			buildSettings = {
				ASSETCATALOG_COMPILER_APPICON_NAME = AppIcon;
				CODE_SIGN_STYLE = Automatic;
				DEVELOPMENT_TEAM = P36BG58534;
				INFOPLIST_FILE = "AR Sound Sculptures/Info.plist";
				LD_RUNPATH_SEARCH_PATHS = (
					"$(inherited)",
					"@executable_path/Frameworks",
				);
				PRODUCT_BUNDLE_IDENTIFIER = "com.gspsf.AR-Sound-Sculptures";
				PRODUCT_NAME = "$(TARGET_NAME)";
				SWIFT_VERSION = 4.0;
				TARGETED_DEVICE_FAMILY = "1,2";
			};
			name = Debug;
		};
		D2836EB6214AD2A900281B77 /* Release */ = {
			isa = XCBuildConfiguration;
			buildSettings = {
				ASSETCATALOG_COMPILER_APPICON_NAME = AppIcon;
				CODE_SIGN_STYLE = Automatic;
				DEVELOPMENT_TEAM = P36BG58534;
				INFOPLIST_FILE = "AR Sound Sculptures/Info.plist";
				LD_RUNPATH_SEARCH_PATHS = (
					"$(inherited)",
					"@executable_path/Frameworks",
				);
				PRODUCT_BUNDLE_IDENTIFIER = "com.gspsf.AR-Sound-Sculptures";
				PRODUCT_NAME = "$(TARGET_NAME)";
				SWIFT_VERSION = 4.0;
				TARGETED_DEVICE_FAMILY = "1,2";
			};
			name = Release;
		};
/* End XCBuildConfiguration section */

/* Begin XCConfigurationList section */
		D2836E9B214AD2A700281B77 /* Build configuration list for PBXProject "AR Sound Sculptures" */ = {
			isa = XCConfigurationList;
			buildConfigurations = (
				D2836EB2214AD2A900281B77 /* Debug */,
				D2836EB3214AD2A900281B77 /* Release */,
			);
			defaultConfigurationIsVisible = 0;
			defaultConfigurationName = Release;
		};
		D2836EB4214AD2A900281B77 /* Build configuration list for PBXNativeTarget "AR Sound Sculptures" */ = {
			isa = XCConfigurationList;
			buildConfigurations = (
				D2836EB5214AD2A900281B77 /* Debug */,
				D2836EB6214AD2A900281B77 /* Release */,
			);
			defaultConfigurationIsVisible = 0;
			defaultConfigurationName = Release;
		};
/* End XCConfigurationList section */
	};
	rootObject = D2836E98214AD2A700281B77 /* Project object */;
}
